
Microsoft Visual Studio Solution File, Format Version 12.00
# Visual Studio Version 17
VisualStudioVersion = 17.6.33723.286
MinimumVisualStudioVersion = 10.0.40219.1
Project("{FAE04EC0-301F-11D3-BF4B-00C04F79EFBC}") = "ADO_Demo", "ADO_Demo\ADO_Demo.csproj", "{4A231B5D-10E5-454D-B8CF-BCF41544A94A}"
EndProject
Global
	GlobalSection(SolutionConfigurationPlatforms) = preSolution
		Debug|Any CPU = Debug|Any CPU
		Release|Any CPU = Release|Any CPU
	EndGlobalSection
	GlobalSection(ProjectConfigurationPlatforms) = postSolution
		{4A231B5D-10E5-454D-B8CF-BCF41544A94A}.Debug|Any CPU.ActiveCfg = Debug|Any CPU
		{4A231B5D-10E5-454D-B8CF-BCF41544A94A}.Debug|Any CPU.Build.0 = Debug|Any CPU
		{4A231B5D-10E5-454D-B8CF-BCF41544A94A}.Release|Any CPU.ActiveCfg = Release|Any CPU
		{4A231B5D-10E5-454D-B8CF-BCF41544A94A}.Release|Any CPU.Build.0 = Release|Any CPU
	EndGlobalSection
	GlobalSection(SolutionProperties) = preSolution
		HideSolutionNode = FALSE
	EndGlobalSection
	GlobalSection(ExtensibilityGlobals) = postSolution
		SolutionGuid = {08B3A1C3-BEED-4DED-B555-E309EA8B7B28}
	EndGlobalSection
EndGlobal
